# This file is automatically @generated by Cargo.
# It is not intended for manual editing.
version = 3

[[package]]
name = "add_todo"
version = "0.1.0"

[[package]]
name = "done_todo"
version = "0.1.0"

[[package]]
name = "list_todo"
version = "0.1.0"

[[package]]
name = "remove_todo"
version = "0.1.0"

[[package]]
name = "rust-todos"
version = "0.1.0"
dependencies = [
 "add_todo",
 "done_todo",
 "list_todo",
 "remove_todo",
]
